// !$*UTF8*$!
{
	archiveVersion = 1;
	classes = {
	};
	objectVersion = 50;
	objects = {

/* Begin PBXBuildFile section */
		8E678B592881FB1E00220F2C /* AppDelegate.swift in Sources */ = {isa = PBXBuildFile; fileRef = 8E678B582881FB1E00220F2C /* AppDelegate.swift */; };
		8E678B5B2881FB1E00220F2C /* SceneDelegate.swift in Sources */ = {isa = PBXBuildFile; fileRef = 8E678B5A2881FB1E00220F2C /* SceneDelegate.swift */; };
		8E678B5D2881FB1E00220F2C /* CollectionViewController.swift in Sources */ = {isa = PBXBuildFile; fileRef = 8E678B5C2881FB1E00220F2C /* CollectionViewController.swift */; };
		8E678B622881FB2400220F2C /* Assets.xcassets in Resources */ = {isa = PBXBuildFile; fileRef = 8E678B612881FB2400220F2C /* Assets.xcassets */; };
		8E678B652881FB2400220F2C /* LaunchScreen.storyboard in Resources */ = {isa = PBXBuildFile; fileRef = 8E678B632881FB2400220F2C /* LaunchScreen.storyboard */; };
		8E678B722881FDE700220F2C /* CollectionView.swift in Sources */ = {isa = PBXBuildFile; fileRef = 8E678B712881FDE700220F2C /* CollectionView.swift */; };
		8E678B752881FE2500220F2C /* CollectionCell.swift in Sources */ = {isa = PBXBuildFile; fileRef = 8E678B742881FE2500220F2C /* CollectionCell.swift */; };
		8E678B782882198E00220F2C /* Person.swift in Sources */ = {isa = PBXBuildFile; fileRef = 8E678B772882198E00220F2C /* Person.swift */; };
/* End PBXBuildFile section */

/* Begin PBXFileReference section */
		8E678B552881FB1E00220F2C /* project10.app */ = {isa = PBXFileReference; explicitFileType = wrapper.application; includeInIndex = 0; path = project10.app; sourceTree = BUILT_PRODUCTS_DIR; };
		8E678B582881FB1E00220F2C /* AppDelegate.swift */ = {isa = PBXFileReference; lastKnownFileType = sourcecode.swift; path = AppDelegate.swift; sourceTree = "<group>"; };
		8E678B5A2881FB1E00220F2C /* SceneDelegate.swift */ = {isa = PBXFileReference; lastKnownFileType = sourcecode.swift; path = SceneDelegate.swift; sourceTree = "<group>"; };
		8E678B5C2881FB1E00220F2C /* CollectionViewController.swift */ = {isa = PBXFileReference; lastKnownFileType = sourcecode.swift; path = CollectionViewController.swift; sourceTree = "<group>"; };
		8E678B612881FB2400220F2C /* Assets.xcassets */ = {isa = PBXFileReference; lastKnownFileType = folder.assetcatalog; path = Assets.xcassets; sourceTree = "<group>"; };
		8E678B642881FB2400220F2C /* Base */ = {isa = PBXFileReference; lastKnownFileType = file.storyboard; name = Base; path = Base.lproj/LaunchScreen.storyboard; sourceTree = "<group>"; };
		8E678B662881FB2400220F2C /* Info.plist */ = {isa = PBXFileReference; lastKnownFileType = text.plist.xml; path = Info.plist; sourceTree = "<group>"; };
		8E678B712881FDE700220F2C /* CollectionView.swift */ = {isa = PBXFileReference; lastKnownFileType = sourcecode.swift; path = CollectionView.swift; sourceTree = "<group>"; };
		8E678B742881FE2500220F2C /* CollectionCell.swift */ = {isa = PBXFileReference; lastKnownFileType = sourcecode.swift; path = CollectionCell.swift; sourceTree = "<group>"; };
		8E678B772882198E00220F2C /* Person.swift */ = {isa = PBXFileReference; lastKnownFileType = sourcecode.swift; path = Person.swift; sourceTree = "<group>"; };
/* End PBXFileReference section */

/* Begin PBXFrameworksBuildPhase section */
		8E678B522881FB1E00220F2C /* Frameworks */ = {
			isa = PBXFrameworksBuildPhase;
			buildActionMask = 2147483647;
			files = (
			);
			runOnlyForDeploymentPostprocessing = 0;
		};
/* End PBXFrameworksBuildPhase section */

/* Begin PBXGroup section */
		8E678B4C2881FB1E00220F2C = {
			isa = PBXGroup;
			children = (
				8E678B572881FB1E00220F2C /* project10 */,
				8E678B562881FB1E00220F2C /* Products */,
			);
			sourceTree = "<group>";
		};
		8E678B562881FB1E00220F2C /* Products */ = {
			isa = PBXGroup;
			children = (
				8E678B552881FB1E00220F2C /* project10.app */,
			);
			name = Products;
			sourceTree = "<group>";
		};
		8E678B572881FB1E00220F2C /* project10 */ = {
			isa = PBXGroup;
			children = (
				8E678B662881FB2400220F2C /* Info.plist */,
				8E678B702881FCF600220F2C /* Model */,
				8E678B6E2881FCE800220F2C /* View */,
				8E678B6F2881FCF000220F2C /* Controller */,
			);
			path = project10;
			sourceTree = "<group>";
		};
		8E678B6E2881FCE800220F2C /* View */ = {
			isa = PBXGroup;
			children = (
				8E678B762881FE5D00220F2C /* Views */,
				8E678B732881FE1200220F2C /* Cells */,
				8E678B612881FB2400220F2C /* Assets.xcassets */,
				8E678B632881FB2400220F2C /* LaunchScreen.storyboard */,
			);
			path = View;
			sourceTree = "<group>";
		};
		8E678B6F2881FCF000220F2C /* Controller */ = {
			isa = PBXGroup;
			children = (
				8E678B5C2881FB1E00220F2C /* CollectionViewController.swift */,
			);
			path = Controller;
			sourceTree = "<group>";
		};
		8E678B702881FCF600220F2C /* Model */ = {
			isa = PBXGroup;
			children = (
				8E678B772882198E00220F2C /* Person.swift */,
				8E678B582881FB1E00220F2C /* AppDelegate.swift */,
				8E678B5A2881FB1E00220F2C /* SceneDelegate.swift */,
			);
			path = Model;
			sourceTree = "<group>";
		};
		8E678B732881FE1200220F2C /* Cells */ = {
			isa = PBXGroup;
			children = (
				8E678B742881FE2500220F2C /* CollectionCell.swift */,
			);
			path = Cells;
			sourceTree = "<group>";
		};
		8E678B762881FE5D00220F2C /* Views */ = {
			isa = PBXGroup;
			children = (
				8E678B712881FDE700220F2C /* CollectionView.swift */,
			);
			path = Views;
			sourceTree = "<group>";
		};
/* End PBXGroup section */

/* Begin PBXNativeTarget section */
		8E678B542881FB1E00220F2C /* project10 */ = {
			isa = PBXNativeTarget;
			buildConfigurationList = 8E678B692881FB2400220F2C /* Build configuration list for PBXNativeTarget "project10" */;
			buildPhases = (
				8E678B512881FB1E00220F2C /* Sources */,
				8E678B522881FB1E00220F2C /* Frameworks */,
				8E678B532881FB1E00220F2C /* Resources */,
			);
			buildRules = (
			);
			dependencies = (
			);
			name = project10;
			productName = project10;
			productReference = 8E678B552881FB1E00220F2C /* project10.app */;
			productType = "com.apple.product-type.application";
		};
/* End PBXNativeTarget section */

/* Begin PBXProject section */
		8E678B4D2881FB1E00220F2C /* Project object */ = {
			isa = PBXProject;
			attributes = {
				LastSwiftUpdateCheck = 1250;
				LastUpgradeCheck = 1250;
				TargetAttributes = {
					8E678B542881FB1E00220F2C = {
						CreatedOnToolsVersion = 12.5.1;
					};
				};
			};
			buildConfigurationList = 8E678B502881FB1E00220F2C /* Build configuration list for PBXProject "project10" */;
			compatibilityVersion = "Xcode 9.3";
			developmentRegion = en;
			hasScannedForEncodings = 0;
			knownRegions = (
				en,
				Base,
			);
			mainGroup = 8E678B4C2881FB1E00220F2C;
			productRefGroup = 8E678B562881FB1E00220F2C /* Products */;
			projectDirPath = "";
			projectRoot = "";
			targets = (
				8E678B542881FB1E00220F2C /* project10 */,
			);
		};
/* End PBXProject section */

/* Begin PBXResourcesBuildPhase section */
		8E678B532881FB1E00220F2C /* Resources */ = {
			isa = PBXResourcesBuildPhase;
			buildActionMask = 2147483647;
			files = (
				8E678B652881FB2400220F2C /* LaunchScreen.storyboard in Resources */,
				8E678B622881FB2400220F2C /* Assets.xcassets in Resources */,
			);
			runOnlyForDeploymentPostprocessing = 0;
		};
/* End PBXResourcesBuildPhase section */

/* Begin PBXSourcesBuildPhase section */
		8E678B512881FB1E00220F2C /* Sources */ = {
			isa = PBXSourcesBuildPhase;
			buildActionMask = 2147483647;
			files = (
				8E678B782882198E00220F2C /* Person.swift in Sources */,
				8E678B5D2881FB1E00220F2C /* CollectionViewController.swift in Sources */,
				8E678B592881FB1E00220F2C /* AppDelegate.swift in Sources */,
				8E678B722881FDE700220F2C /* CollectionView.swift in Sources */,
				8E678B5B2881FB1E00220F2C /* SceneDelegate.swift in Sources */,
				8E678B752881FE2500220F2C /* CollectionCell.swift in Sources */,
			);
			runOnlyForDeploymentPostprocessing = 0;
		};
/* End PBXSourcesBuildPhase section */

/* Begin PBXVariantGroup section */
		8E678B632881FB2400220F2C /* LaunchScreen.storyboard */ = {
			isa = PBXVariantGroup;
			children = (
				8E678B642881FB2400220F2C /* Base */,
			);
			name = LaunchScreen.storyboard;
			sourceTree = "<group>";
		};
/* End PBXVariantGroup section */

/* Begin XCBuildConfiguration section */
		8E678B672881FB2400220F2C /* Debug */ = {
			isa = XCBuildConfiguration;
			buildSettings = {
				ALWAYS_SEARCH_USER_PATHS = NO;
				CLANG_ANALYZER_NONNULL = YES;
				CLANG_ANALYZER_NUMBER_OBJECT_CONVERSION = YES_AGGRESSIVE;
				CLANG_CXX_LANGUAGE_STANDARD = "gnu++14";
				CLANG_CXX_LIBRARY = "libc++";
				CLANG_ENABLE_MODULES = YES;
				CLANG_ENABLE_OBJC_ARC = YES;
				CLANG_ENABLE_OBJC_WEAK = YES;
				CLANG_WARN_BLOCK_CAPTURE_AUTORELEASING = YES;
				CLANG_WARN_BOOL_CONVERSION = YES;
				CLANG_WARN_COMMA = YES;
				CLANG_WARN_CONSTANT_CONVERSION = YES;
				CLANG_WARN_DEPRECATED_OBJC_IMPLEMENTATIONS = YES;
				CLANG_WARN_DIRECT_OBJC_ISA_USAGE = YES_ERROR;
				CLANG_WARN_DOCUMENTATION_COMMENTS = YES;
				CLANG_WARN_EMPTY_BODY = YES;
				CLANG_WARN_ENUM_CONVERSION = YES;
				CLANG_WARN_INFINITE_RECURSION = YES;
				CLANG_WARN_INT_CONVERSION = YES;
				CLANG_WARN_NON_LITERAL_NULL_CONVERSION = YES;
				CLANG_WARN_OBJC_IMPLICIT_RETAIN_SELF = YES;
				CLANG_WARN_OBJC_LITERAL_CONVERSION = YES;
				CLANG_WARN_OBJC_ROOT_CLASS = YES_ERROR;
				CLANG_WARN_QUOTED_INCLUDE_IN_FRAMEWORK_HEADER = YES;
				CLANG_WARN_RANGE_LOOP_ANALYSIS = YES;
				CLANG_WARN_STRICT_PROTOTYPES = YES;
				CLANG_WARN_SUSPICIOUS_MOVE = YES;
				CLANG_WARN_UNGUARDED_AVAILABILITY = YES_AGGRESSIVE;
				CLANG_WARN_UNREACHABLE_CODE = YES;
				CLANG_WARN__DUPLICATE_METHOD_MATCH = YES;
				COPY_PHASE_STRIP = NO;
				DEBUG_INFORMATION_FORMAT = dwarf;
				ENABLE_STRICT_OBJC_MSGSEND = YES;
				ENABLE_TESTABILITY = YES;
				GCC_C_LANGUAGE_STANDARD = gnu11;
				GCC_DYNAMIC_NO_PIC = NO;
				GCC_NO_COMMON_BLOCKS = YES;
				GCC_OPTIMIZATION_LEVEL = 0;
				GCC_PREPROCESSOR_DEFINITIONS = (
					"DEBUG=1",
					"$(inherited)",
				);
				GCC_WARN_64_TO_32_BIT_CONVERSION = YES;
				GCC_WARN_ABOUT_RETURN_TYPE = YES_ERROR;
				GCC_WARN_UNDECLARED_SELECTOR = YES;
				GCC_WARN_UNINITIALIZED_AUTOS = YES_AGGRESSIVE;
				GCC_WARN_UNUSED_FUNCTION = YES;
				GCC_WARN_UNUSED_VARIABLE = YES;
				IPHONEOS_DEPLOYMENT_TARGET = 14.5;
				MTL_ENABLE_DEBUG_INFO = INCLUDE_SOURCE;
				MTL_FAST_MATH = YES;
				ONLY_ACTIVE_ARCH = YES;
				SDKROOT = iphoneos;
				SWIFT_ACTIVE_COMPILATION_CONDITIONS = DEBUG;
				SWIFT_OPTIMIZATION_LEVEL = "-Onone";
			};
			name = Debug;
		};
		8E678B682881FB2400220F2C /* Release */ = {
			isa = XCBuildConfiguration;
			buildSettings = {
				ALWAYS_SEARCH_USER_PATHS = NO;
				CLANG_ANALYZER_NONNULL = YES;
				CLANG_ANALYZER_NUMBER_OBJECT_CONVERSION = YES_AGGRESSIVE;
				CLANG_CXX_LANGUAGE_STANDARD = "gnu++14";
				CLANG_CXX_LIBRARY = "libc++";
				CLANG_ENABLE_MODULES = YES;
				CLANG_ENABLE_OBJC_ARC = YES;
				CLANG_ENABLE_OBJC_WEAK = YES;
				CLANG_WARN_BLOCK_CAPTURE_AUTORELEASING = YES;
				CLANG_WARN_BOOL_CONVERSION = YES;
				CLANG_WARN_COMMA = YES;
				CLANG_WARN_CONSTANT_CONVERSION = YES;
				CLANG_WARN_DEPRECATED_OBJC_IMPLEMENTATIONS = YES;
				CLANG_WARN_DIRECT_OBJC_ISA_USAGE = YES_ERROR;
				CLANG_WARN_DOCUMENTATION_COMMENTS = YES;
				CLANG_WARN_EMPTY_BODY = YES;
				CLANG_WARN_ENUM_CONVERSION = YES;
				CLANG_WARN_INFINITE_RECURSION = YES;
				CLANG_WARN_INT_CONVERSION = YES;
				CLANG_WARN_NON_LITERAL_NULL_CONVERSION = YES;
				CLANG_WARN_OBJC_IMPLICIT_RETAIN_SELF = YES;
				CLANG_WARN_OBJC_LITERAL_CONVERSION = YES;
				CLANG_WARN_OBJC_ROOT_CLASS = YES_ERROR;
				CLANG_WARN_QUOTED_INCLUDE_IN_FRAMEWORK_HEADER = YES;
				CLANG_WARN_RANGE_LOOP_ANALYSIS = YES;
				CLANG_WARN_STRICT_PROTOTYPES = YES;
				CLANG_WARN_SUSPICIOUS_MOVE = YES;
				CLANG_WARN_UNGUARDED_AVAILABILITY = YES_AGGRESSIVE;
				CLANG_WARN_UNREACHABLE_CODE = YES;
				CLANG_WARN__DUPLICATE_METHOD_MATCH = YES;
				COPY_PHASE_STRIP = NO;
				DEBUG_INFORMATION_FORMAT = "dwarf-with-dsym";
				ENABLE_NS_ASSERTIONS = NO;
				ENABLE_STRICT_OBJC_MSGSEND = YES;
				GCC_C_LANGUAGE_STANDARD = gnu11;
				GCC_NO_COMMON_BLOCKS = YES;
				GCC_WARN_64_TO_32_BIT_CONVERSION = YES;
				GCC_WARN_ABOUT_RETURN_TYPE = YES_ERROR;
				GCC_WARN_UNDECLARED_SELECTOR = YES;
				GCC_WARN_UNINITIALIZED_AUTOS = YES_AGGRESSIVE;
				GCC_WARN_UNUSED_FUNCTION = YES;
				GCC_WARN_UNUSED_VARIABLE = YES;
				IPHONEOS_DEPLOYMENT_TARGET = 14.5;
				MTL_ENABLE_DEBUG_INFO = NO;
				MTL_FAST_MATH = YES;
				SDKROOT = iphoneos;
				SWIFT_COMPILATION_MODE = wholemodule;
				SWIFT_OPTIMIZATION_LEVEL = "-O";
				VALIDATE_PRODUCT = YES;
			};
			name = Release;
		};
		8E678B6A2881FB2400220F2C /* Debug */ = {
			isa = XCBuildConfiguration;
			buildSettings = {
				ASSETCATALOG_COMPILER_APPICON_NAME = AppIcon;
				ASSETCATALOG_COMPILER_GLOBAL_ACCENT_COLOR_NAME = AccentColor;
				CODE_SIGN_STYLE = Automatic;
				DEVELOPMENT_TEAM = 53NF9GSNZX;
				INFOPLIST_FILE = project10/Info.plist;
				LD_RUNPATH_SEARCH_PATHS = (
					"$(inherited)",
					"@executable_path/Frameworks",
				);
				PRODUCT_BUNDLE_IDENTIFIER = com.angealalves.project10;
				PRODUCT_NAME = "$(TARGET_NAME)";
				SWIFT_VERSION = 5.0;
				TARGETED_DEVICE_FAMILY = "1,2";
			};
			name = Debug;
		};
		8E678B6B2881FB2400220F2C /* Release */ = {
			isa = XCBuildConfiguration;
			buildSettings = {
				ASSETCATALOG_COMPILER_APPICON_NAME = AppIcon;
				ASSETCATALOG_COMPILER_GLOBAL_ACCENT_COLOR_NAME = AccentColor;
				CODE_SIGN_STYLE = Automatic;
				DEVELOPMENT_TEAM = 53NF9GSNZX;
				INFOPLIST_FILE = project10/Info.plist;
				LD_RUNPATH_SEARCH_PATHS = (
					"$(inherited)",
					"@executable_path/Frameworks",
				);
				PRODUCT_BUNDLE_IDENTIFIER = com.angealalves.project10;
				PRODUCT_NAME = "$(TARGET_NAME)";
				SWIFT_VERSION = 5.0;
				TARGETED_DEVICE_FAMILY = "1,2";
			};
			name = Release;
		};
/* End XCBuildConfiguration section */

/* Begin XCConfigurationList section */
		8E678B502881FB1E00220F2C /* Build configuration list for PBXProject "project10" */ = {
			isa = XCConfigurationList;
			buildConfigurations = (
				8E678B672881FB2400220F2C /* Debug */,
				8E678B682881FB2400220F2C /* Release */,
			);
			defaultConfigurationIsVisible = 0;
			defaultConfigurationName = Release;
		};
		8E678B692881FB2400220F2C /* Build configuration list for PBXNativeTarget "project10" */ = {
			isa = XCConfigurationList;
			buildConfigurations = (
				8E678B6A2881FB2400220F2C /* Debug */,
				8E678B6B2881FB2400220F2C /* Release */,
			);
			defaultConfigurationIsVisible = 0;
			defaultConfigurationName = Release;
		};
/* End XCConfigurationList section */
	};
	rootObject = 8E678B4D2881FB1E00220F2C /* Project object */;
}
